
Microsoft Visual Studio Solution File, Format Version 12.00
# Visual Studio Version 17
VisualStudioVersion = 17.0.31903.59
MinimumVisualStudioVersion = 10.0.40219.1
Project("{2150E333-8FDC-42A3-9474-1A3956D46DE8}") = "src", "src", "{83DD0E34-3225-48C2-B267-2138A569C3AE}"
EndProject
Project("{FAE04EC0-301F-11D3-BF4B-00C04F79EFBC}") = "PdfInspector", "src\PdfInspector\PdfInspector.csproj", "{47E609D7-D7ED-4D33-A2FF-C35CE17A3537}"
EndProject
Project("{2150E333-8FDC-42A3-9474-1A3956D46DE8}") = "tests", "tests", "{1F8C10EB-9132-45A6-8FB5-E330E4F418B4}"
EndProject
Project("{FAE04EC0-301F-11D3-BF4B-00C04F79EFBC}") = "PdfInspector.Tests", "tests\PdfInspector.Tests\PdfInspector.Tests.csproj", "{8240BAFF-A45D-41C4-B86D-4CB504C7AF17}"
EndProject
Global
	GlobalSection(SolutionConfigurationPlatforms) = preSolution
		Debug|Any CPU = Debug|Any CPU
		Release|Any CPU = Release|Any CPU
	EndGlobalSection
	GlobalSection(SolutionProperties) = preSolution
		HideSolutionNode = FALSE
	EndGlobalSection
	GlobalSection(ProjectConfigurationPlatforms) = postSolution
		{47E609D7-D7ED-4D33-A2FF-C35CE17A3537}.Debug|Any CPU.ActiveCfg = Debug|Any CPU
		{47E609D7-D7ED-4D33-A2FF-C35CE17A3537}.Debug|Any CPU.Build.0 = Debug|Any CPU
		{47E609D7-D7ED-4D33-A2FF-C35CE17A3537}.Release|Any CPU.ActiveCfg = Release|Any CPU
		{47E609D7-D7ED-4D33-A2FF-C35CE17A3537}.Release|Any CPU.Build.0 = Release|Any CPU
		{8240BAFF-A45D-41C4-B86D-4CB504C7AF17}.Debug|Any CPU.ActiveCfg = Debug|Any CPU
		{8240BAFF-A45D-41C4-B86D-4CB504C7AF17}.Debug|Any CPU.Build.0 = Debug|Any CPU
		{8240BAFF-A45D-41C4-B86D-4CB504C7AF17}.Release|Any CPU.ActiveCfg = Release|Any CPU
		{8240BAFF-A45D-41C4-B86D-4CB504C7AF17}.Release|Any CPU.Build.0 = Release|Any CPU
	EndGlobalSection
	GlobalSection(NestedProjects) = preSolution
		{47E609D7-D7ED-4D33-A2FF-C35CE17A3537} = {83DD0E34-3225-48C2-B267-2138A569C3AE}
		{8240BAFF-A45D-41C4-B86D-4CB504C7AF17} = {1F8C10EB-9132-45A6-8FB5-E330E4F418B4}
	EndGlobalSection
EndGlobal
